# THIS IS AN AUTOGENERATED FILE. DO NOT EDIT THIS FILE DIRECTLY.
# yarn lockfile v1


"@types/lodash@^4.14.137":
  version "4.14.137"
  resolved "https://registry.yarnpkg.com/@types/lodash/-/lodash-4.14.137.tgz#8a4804937dc6462274ffcc088df8f14fc1b368e2"
  integrity sha512-g4rNK5SRKloO+sUGbuO7aPtwbwzMgjK+bm9BBhLD7jGUiGR7zhwYEhSln/ihgYQBeIJ5j7xjyaYzrWTcu3UotQ==

"@types/three@^0.103.2":
  version "0.103.2"
  resolved "https://registry.yarnpkg.com/@types/three/-/three-0.103.2.tgz#f7d49130001c551941a0ded757def810579aafc4"
  integrity sha512-zhtf0Qs5wLJpIn1+VWCpzSgpKayj/GSWZ6woiuz09FW59KEDeLpnBkYz6lbblVpRmGdlnG8nd0unaASshOvcXw==
  dependencies:
    three "*"

lodash@^4.17.15:
  version "4.17.15"
  resolved "https://registry.yarnpkg.com/lodash/-/lodash-4.17.15.tgz#b447f6670a0455bbfeedd11392eff330ea097548"
  integrity sha512-8xOcRHvCjnocdS5cpwXQXVzmmh5e5+saE2QGoeQmbKmRS6J3VQppPOIt0MnmE+4xlZoumy0GPG0D0MVIQbNA1A==

three@*, three@^0.107.0:
  version "0.107.0"
  resolved "https://registry.yarnpkg.com/three/-/three-0.107.0.tgz#0c862c348d61bd3f22058e01f5e771c1294315a1"
  integrity sha512-vqbKJRLBEviPVa7poEzXocobicwxzsctr5mnymA7n8fEzcVS49rYP0RrwqZ98JqujRoruK+/YzcchNpRP+kXsQ==
